
Microsoft Visual Studio Solution File, Format Version 12.00
# Visual Studio Version 16
VisualStudioVersion = 16.0.31205.134
MinimumVisualStudioVersion = 10.0.40219.1
Project("{FAE04EC0-301F-11D3-BF4B-00C04F79EFBC}") = "ChequePorExtenso", "ChequePorExtenso.csproj", "{77B3B68E-77F4-4545-A92A-5898229EC618}"
EndProject
Project("{FAE04EC0-301F-11D3-BF4B-00C04F79EFBC}") = "TesteChequePorExtenso", "..\TesteChequePorExtenso\TesteChequePorExtenso.csproj", "{AC547251-354E-4F92-ADE1-5A00AA4BA326}"
EndProject
Global
	GlobalSection(SolutionConfigurationPlatforms) = preSolution
		Debug|Any CPU = Debug|Any CPU
		Release|Any CPU = Release|Any CPU
	EndGlobalSection
	GlobalSection(ProjectConfigurationPlatforms) = postSolution
		{77B3B68E-77F4-4545-A92A-5898229EC618}.Debug|Any CPU.ActiveCfg = Debug|Any CPU
		{77B3B68E-77F4-4545-A92A-5898229EC618}.Debug|Any CPU.Build.0 = Debug|Any CPU
		{77B3B68E-77F4-4545-A92A-5898229EC618}.Release|Any CPU.ActiveCfg = Release|Any CPU
		{77B3B68E-77F4-4545-A92A-5898229EC618}.Release|Any CPU.Build.0 = Release|Any CPU
		{AC547251-354E-4F92-ADE1-5A00AA4BA326}.Debug|Any CPU.ActiveCfg = Debug|Any CPU
		{AC547251-354E-4F92-ADE1-5A00AA4BA326}.Debug|Any CPU.Build.0 = Debug|Any CPU
		{AC547251-354E-4F92-ADE1-5A00AA4BA326}.Release|Any CPU.ActiveCfg = Release|Any CPU
		{AC547251-354E-4F92-ADE1-5A00AA4BA326}.Release|Any CPU.Build.0 = Release|Any CPU
	EndGlobalSection
	GlobalSection(SolutionProperties) = preSolution
		HideSolutionNode = FALSE
	EndGlobalSection
	GlobalSection(ExtensibilityGlobals) = postSolution
		SolutionGuid = {75EB67E3-C7C5-4DC6-A309-4896A283B5BA}
	EndGlobalSection
EndGlobal
